{
    "name": "ts-intro",
    "version": "0.0.0",
    "lockfileVersion": 2,
    "requires": true,
    "packages": {
      "": {
        "name": "ts-intro",
        "version": "0.0.0",
        "dependencies": {
          "@angular/animations": "~13.2.0",
          "@angular/common": "~13.2.0",
          "@angular/compiler": "~13.2.0",
          "@angular/core": "~13.2.0",
          "@angular/forms": "~13.2.0",
          "@angular/platform-browser": "~13.2.0",
          "@angular/platform-browser-dynamic": "~13.2.0",
          "@angular/router": "~13.2.0",
          "rxjs": "~7.5.0",
          "tslib": "^2.3.0",
          "zone.js": "~0.11.4"
        },
        "devDependencies": {
          "@angular-devkit/build-angular": "~13.2.6",
          "@angular/cli": "~13.2.6",
          "@angular/compiler-cli": "~13.2.0",
          "@types/jasmine": "~3.10.0",
          "@types/node": "^12.11.1",
          "jasmine-core": "~4.0.0",
          "karma": "~6.3.0",
          "karma-chrome-launcher": "~3.1.0",
          "karma-coverage": "~2.1.0",
          "karma-jasmine": "~4.0.0",
          "karma-jasmine-html-reporter": "~1.7.0",
          "typescript": "~4.5.2"
        }
      },
      "node_modules/@ampproject/remapping": {
        "version": "1.1.1",
        "resolved": "https://registry.npmjs.org/@ampproject/remapping/-/remapping-1.1.1.tgz",
        "integrity": "sha512-YVAcA4DKLOj296CF5SrQ8cYiMRiUGc2sqFpLxsDGWE34suHqhGP/5yMsDHKsrh8hs8I5TiRVXNwKPWQpX3iGjw==",
        "dev": true,
        "dependencies": {
          "@jridgewell/resolve-uri": "^3.0.3",
          "sourcemap-codec": "1.4.8"
        },
        "engines": {
          "node": ">=6.0.0"
        }
      },
      "node_modules/@angular-devkit/architect": {
        "version": "0.1302.6",
        "resolved": "https://registry.npmjs.org/@angular-devkit/architect/-/architect-0.1302.6.tgz",
        "integrity": "sha512-NztzorUMfwJeRaT7SY00Y8WSqc2lQYuF11yNoyEm7Dae3V7VZ28rW2Z9RwibP27rYQL0RjSMaz2wKITHX2vOAw==",
        "dev": true,
        "dependencies": {
          "@angular-devkit/core": "13.2.6",
          "rxjs": "6.6.7"
        },
        "engines": {
          "node": "^12.20.0 || ^14.15.0 || >=16.10.0",
          "npm": "^6.11.0 || ^7.5.6 || >=8.0.0",
          "yarn": ">= 1.13.0"
        }
      },
      "node_modules/@angular-devkit/architect/node_modules/rxjs": {
        "version": "6.6.7",
        "resolved": "https://registry.npmjs.org/rxjs/-/rxjs-6.6.7.tgz",
        "integrity": "sha512-hTdwr+7yYNIT5n4AMYp85KA6yw2Va0FLa3Rguvbpa4W3I5xynaBZo41cM3XM+4Q6fRMj3sBYIR1VAmZMXYJvRQ==",
        "dev": true,
        "dependencies": {
          "tslib": "^1.9.0"
        },
        "engines": {
          "npm": ">=2.0.0"
        }
        }
    }
  }